{
  "name": "geo",
  "version": "0.1.0",
  "lockfileVersion": 1,
  "requires": true,
  "dependencies": {
    "iso-3166-1": {
      "version": "1.1.0",
      "resolved": "https://registry.npmjs.org/iso-3166-1/-/iso-3166-1-1.1.0.tgz",
      "integrity": "sha1-gGrfYoPV96pAXRY3qKUC+R0sVHw="
    },
    "point-in-polygon": {
      "version": "0.0.0",
      "resolved": "https://registry.npmjs.org/point-in-polygon/-/point-in-polygon-0.0.0.tgz",
      "integrity": "sha1-CRMPxc3vIY3l+b3w5sSjsuG+rlE="
    },
    "rbush": {
      "version": "1.4.3",
      "resolved": "https://registry.npmjs.org/rbush/-/rbush-1.4.3.tgz",
      "integrity": "sha1-eHTi04kR0nGeoncx0yRF2l7EOUw="
    },
    "which-country": {
      "version": "1.0.0",
      "resolved": "https://registry.npmjs.org/which-country/-/which-country-1.0.0.tgz",
      "integrity": "sha1-Is1LATKjmfabiHkdi0u+cvLyD0c=",
      "requires": {
        "point-in-polygon": "0.0.0",
        "rbush": "1.4.3"
      }
    }
  }
}
